
Microsoft Visual Studio Solution File, Format Version 12.00
# Visual Studio 2013
VisualStudioVersion = 12.0.31101.0
MinimumVisualStudioVersion = 10.0.40219.1
Project("{2150E333-8FDC-42A3-9474-1A3956D46DE8}") = "RestfulApplication.Clients", "RestfulApplication.Clients", "{D63BB643-B6CB-488C-8F54-AB5AA649B434}"
EndProject
Project("{FAE04EC0-301F-11D3-BF4B-00C04F79EFBC}") = "RestfulApplication.Clients.Core", "RestfulApplication.Clients.Core\RestfulApplication.Clients.Core.csproj", "{1B97B8A2-5530-4410-956A-47A40DBA158E}"
EndProject
Project("{FAE04EC0-301F-11D3-BF4B-00C04F79EFBC}") = "RestfulApplication.Clients.WindowsPhone", "RestfulApplication.Clients.WindowsPhone\RestfulApplication.Clients.WindowsPhone.csproj", "{038016D9-D1E5-4FE2-B827-F44A2044F61A}"
EndProject
Project("{FAE04EC0-301F-11D3-BF4B-00C04F79EFBC}") = "RestfulApplication.Clients.WindowsPhone81", "RestfulApplication.Clients.WindowsPhone81\RestfulApplication.Clients.WindowsPhone81.csproj", "{685F9FC6-6138-4A0B-9EDC-0A1918589884}"
EndProject
Project("{2150E333-8FDC-42A3-9474-1A3956D46DE8}") = "Vsix", "Vsix", "{68DB2784-0556-4A13-AE8D-17017AA1FF9F}"
EndProject
Project("{FAE04EC0-301F-11D3-BF4B-00C04F79EFBC}") = "RestfulApplication.WindowsPhoneHttpClient.Vsix", "RestfulApplication.WindowsPhoneHttpClient.Vsix\RestfulApplication.WindowsPhoneHttpClient.Vsix.csproj", "{00729E2B-B3B7-48B1-B51A-734FAE773B10}"
EndProject
Project("{2150E333-8FDC-42A3-9474-1A3956D46DE8}") = "Services", "Services", "{17E8BE34-1C26-40A9-A45D-23CB60C89022}"
EndProject
Project("{FAE04EC0-301F-11D3-BF4B-00C04F79EFBC}") = "RestfulApplication.Services", "RestfulApplication.Services\RestfulApplication.Services.csproj", "{E665FA17-CA5D-46E7-B17A-2D08D47E2BD3}"
EndProject
Project("{2150E333-8FDC-42A3-9474-1A3956D46DE8}") = "Xamarin.Forms", "Xamarin.Forms", "{35118C89-AE96-4EE5-A1C7-C6CFA4B3554B}"
EndProject
Project("{FAE04EC0-301F-11D3-BF4B-00C04F79EFBC}") = "RestfulApplication.Clients.CrossPlatforms", "RestfulApplication.Clients.CrossPlatforms\RestfulApplication.Clients.CrossPlatforms\RestfulApplication.Clients.CrossPlatforms.csproj", "{589FF58A-36B3-4AB9-8B96-183B583087F0}"
EndProject
Project("{FAE04EC0-301F-11D3-BF4B-00C04F79EFBC}") = "RestfulApplication.Clients.CrossPlatforms.iOS", "RestfulApplication.Clients.CrossPlatforms\RestfulApplication.Clients.CrossPlatforms.iOS\RestfulApplication.Clients.CrossPlatforms.iOS.csproj", "{458C553C-D2EF-4A88-86AA-9B8F1E44C888}"
EndProject
Project("{FAE04EC0-301F-11D3-BF4B-00C04F79EFBC}") = "RestfulApplication.Clients.CrossPlatforms.Droid", "RestfulApplication.Clients.CrossPlatforms\RestfulApplication.Clients.CrossPlatforms.Droid\RestfulApplication.Clients.CrossPlatforms.Droid.csproj", "{D1A61DDC-7A2E-4BA9-8E93-26381107F17B}"
EndProject
Project("{FAE04EC0-301F-11D3-BF4B-00C04F79EFBC}") = "RestfulApplication.Clients.CrossPlatforms.WinPhone", "RestfulApplication.Clients.CrossPlatforms\RestfulApplication.Clients.CrossPlatforms.WinPhone\RestfulApplication.Clients.CrossPlatforms.WinPhone.csproj", "{44D6925A-6B92-4003-8DBE-40508B7F597D}"
EndProject
Project("{FAE04EC0-301F-11D3-BF4B-00C04F79EFBC}") = "RestfulApplication.Clients.WindowsStore", "RestfulApplication.Clients.WindowsStore\RestfulApplication.Clients.WindowsStore.csproj", "{E87B0B8C-D9C9-426A-95B0-9533EB50146A}"
EndProject
Project("{FAE04EC0-301F-11D3-BF4B-00C04F79EFBC}") = "RestfulApplication.WindowsStoreHttpClient.Vsix", "RestfulApplication.WindowsStoreHttpClient.Vsix\RestfulApplication.WindowsStoreHttpClient.Vsix.csproj", "{9AD49673-A8F9-4F0A-8C7D-655A03A2F002}"
EndProject
Global
	GlobalSection(SolutionConfigurationPlatforms) = preSolution
		Ad-Hoc|Any CPU = Ad-Hoc|Any CPU
		Ad-Hoc|ARM = Ad-Hoc|ARM
		Ad-Hoc|iPhone = Ad-Hoc|iPhone
		Ad-Hoc|iPhoneSimulator = Ad-Hoc|iPhoneSimulator
		Ad-Hoc|Mixed Platforms = Ad-Hoc|Mixed Platforms
		Ad-Hoc|x64 = Ad-Hoc|x64
		Ad-Hoc|x86 = Ad-Hoc|x86
		AppStore|Any CPU = AppStore|Any CPU
		AppStore|ARM = AppStore|ARM
		AppStore|iPhone = AppStore|iPhone
		AppStore|iPhoneSimulator = AppStore|iPhoneSimulator
		AppStore|Mixed Platforms = AppStore|Mixed Platforms
		AppStore|x64 = AppStore|x64
		AppStore|x86 = AppStore|x86
		Debug|Any CPU = Debug|Any CPU
		Debug|ARM = Debug|ARM
		Debug|iPhone = Debug|iPhone
		Debug|iPhoneSimulator = Debug|iPhoneSimulator
		Debug|Mixed Platforms = Debug|Mixed Platforms
		Debug|x64 = Debug|x64
		Debug|x86 = Debug|x86
		Release|Any CPU = Release|Any CPU
		Release|ARM = Release|ARM
		Release|iPhone = Release|iPhone
		Release|iPhoneSimulator = Release|iPhoneSimulator
		Release|Mixed Platforms = Release|Mixed Platforms
		Release|x64 = Release|x64
		Release|x86 = Release|x86
	EndGlobalSection
	GlobalSection(ProjectConfigurationPlatforms) = postSolution
		{1B97B8A2-5530-4410-956A-47A40DBA158E}.Ad-Hoc|Any CPU.ActiveCfg = Release|Any CPU
		{1B97B8A2-5530-4410-956A-47A40DBA158E}.Ad-Hoc|Any CPU.Build.0 = Release|Any CPU
		{1B97B8A2-5530-4410-956A-47A40DBA158E}.Ad-Hoc|ARM.ActiveCfg = Release|Any CPU
		{1B97B8A2-5530-4410-956A-47A40DBA158E}.Ad-Hoc|iPhone.ActiveCfg = Release|Any CPU
		{1B97B8A2-5530-4410-956A-47A40DBA158E}.Ad-Hoc|iPhoneSimulator.ActiveCfg = Release|Any CPU
		{1B97B8A2-5530-4410-956A-47A40DBA158E}.Ad-Hoc|Mixed Platforms.ActiveCfg = Release|Any CPU
		{1B97B8A2-5530-4410-956A-47A40DBA158E}.Ad-Hoc|Mixed Platforms.Build.0 = Release|Any CPU
		{1B97B8A2-5530-4410-956A-47A40DBA158E}.Ad-Hoc|x64.ActiveCfg = Release|Any CPU
		{1B97B8A2-5530-4410-956A-47A40DBA158E}.Ad-Hoc|x86.ActiveCfg = Release|Any CPU
		{1B97B8A2-5530-4410-956A-47A40DBA158E}.AppStore|Any CPU.ActiveCfg = Release|Any CPU
		{1B97B8A2-5530-4410-956A-47A40DBA158E}.AppStore|Any CPU.Build.0 = Release|Any CPU
		{1B97B8A2-5530-4410-956A-47A40DBA158E}.AppStore|ARM.ActiveCfg = Release|Any CPU
		{1B97B8A2-5530-4410-956A-47A40DBA158E}.AppStore|iPhone.ActiveCfg = Release|Any CPU
		{1B97B8A2-5530-4410-956A-47A40DBA158E}.AppStore|iPhoneSimulator.ActiveCfg = Release|Any CPU
		{1B97B8A2-5530-4410-956A-47A40DBA158E}.AppStore|Mixed Platforms.ActiveCfg = Release|Any CPU
		{1B97B8A2-5530-4410-956A-47A40DBA158E}.AppStore|Mixed Platforms.Build.0 = Release|Any CPU
		{1B97B8A2-5530-4410-956A-47A40DBA158E}.AppStore|x64.ActiveCfg = Release|Any CPU
		{1B97B8A2-5530-4410-956A-47A40DBA158E}.AppStore|x86.ActiveCfg = Release|Any CPU
		{1B97B8A2-5530-4410-956A-47A40DBA158E}.Debug|Any CPU.ActiveCfg = Debug|Any CPU
		{1B97B8A2-5530-4410-956A-47A40DBA158E}.Debug|Any CPU.Build.0 = Debug|Any CPU
		{1B97B8A2-5530-4410-956A-47A40DBA158E}.Debug|ARM.ActiveCfg = Debug|Any CPU
		{1B97B8A2-5530-4410-956A-47A40DBA158E}.Debug|iPhone.ActiveCfg = Debug|Any CPU
		{1B97B8A2-5530-4410-956A-47A40DBA158E}.Debug|iPhoneSimulator.ActiveCfg = Debug|Any CPU
		{1B97B8A2-5530-4410-956A-47A40DBA158E}.Debug|Mixed Platforms.ActiveCfg = Debug|Any CPU
		{1B97B8A2-5530-4410-956A-47A40DBA158E}.Debug|Mixed Platforms.Build.0 = Debug|Any CPU
		{1B97B8A2-5530-4410-956A-47A40DBA158E}.Debug|x64.ActiveCfg = Debug|Any CPU
		{1B97B8A2-5530-4410-956A-47A40DBA158E}.Debug|x86.ActiveCfg = Debug|Any CPU
		{1B97B8A2-5530-4410-956A-47A40DBA158E}.Release|Any CPU.ActiveCfg = Release|Any CPU
		{1B97B8A2-5530-4410-956A-47A40DBA158E}.Release|Any CPU.Build.0 = Release|Any CPU
		{1B97B8A2-5530-4410-956A-47A40DBA158E}.Release|ARM.ActiveCfg = Release|Any CPU
		{1B97B8A2-5530-4410-956A-47A40DBA158E}.Release|iPhone.ActiveCfg = Release|Any CPU
		{1B97B8A2-5530-4410-956A-47A40DBA158E}.Release|iPhoneSimulator.ActiveCfg = Release|Any CPU
		{1B97B8A2-5530-4410-956A-47A40DBA158E}.Release|Mixed Platforms.ActiveCfg = Release|Any CPU
		{1B97B8A2-5530-4410-956A-47A40DBA158E}.Release|Mixed Platforms.Build.0 = Release|Any CPU
		{1B97B8A2-5530-4410-956A-47A40DBA158E}.Release|x64.ActiveCfg = Release|Any CPU
		{1B97B8A2-5530-4410-956A-47A40DBA158E}.Release|x86.ActiveCfg = Release|Any CPU
		{038016D9-D1E5-4FE2-B827-F44A2044F61A}.Ad-Hoc|Any CPU.ActiveCfg = Release|Any CPU
		{038016D9-D1E5-4FE2-B827-F44A2044F61A}.Ad-Hoc|Any CPU.Build.0 = Release|Any CPU
		{038016D9-D1E5-4FE2-B827-F44A2044F61A}.Ad-Hoc|Any CPU.Deploy.0 = Release|Any CPU
		{038016D9-D1E5-4FE2-B827-F44A2044F61A}.Ad-Hoc|ARM.ActiveCfg = Release|ARM
		{038016D9-D1E5-4FE2-B827-F44A2044F61A}.Ad-Hoc|ARM.Build.0 = Release|ARM
		{038016D9-D1E5-4FE2-B827-F44A2044F61A}.Ad-Hoc|ARM.Deploy.0 = Release|ARM
		{038016D9-D1E5-4FE2-B827-F44A2044F61A}.Ad-Hoc|iPhone.ActiveCfg = Release|Any CPU
		{038016D9-D1E5-4FE2-B827-F44A2044F61A}.Ad-Hoc|iPhoneSimulator.ActiveCfg = Release|Any CPU
		{038016D9-D1E5-4FE2-B827-F44A2044F61A}.Ad-Hoc|Mixed Platforms.ActiveCfg = Release|x86
		{038016D9-D1E5-4FE2-B827-F44A2044F61A}.Ad-Hoc|Mixed Platforms.Build.0 = Release|x86
		{038016D9-D1E5-4FE2-B827-F44A2044F61A}.Ad-Hoc|Mixed Platforms.Deploy.0 = Release|x86
		{038016D9-D1E5-4FE2-B827-F44A2044F61A}.Ad-Hoc|x64.ActiveCfg = Release|Any CPU
		{038016D9-D1E5-4FE2-B827-F44A2044F61A}.Ad-Hoc|x86.ActiveCfg = Release|x86
		{038016D9-D1E5-4FE2-B827-F44A2044F61A}.Ad-Hoc|x86.Build.0 = Release|x86
		{038016D9-D1E5-4FE2-B827-F44A2044F61A}.Ad-Hoc|x86.Deploy.0 = Release|x86
		{038016D9-D1E5-4FE2-B827-F44A2044F61A}.AppStore|Any CPU.ActiveCfg = Release|Any CPU
		{038016D9-D1E5-4FE2-B827-F44A2044F61A}.AppStore|Any CPU.Build.0 = Release|Any CPU
		{038016D9-D1E5-4FE2-B827-F44A2044F61A}.AppStore|Any CPU.Deploy.0 = Release|Any CPU
		{038016D9-D1E5-4FE2-B827-F44A2044F61A}.AppStore|ARM.ActiveCfg = Release|ARM
		{038016D9-D1E5-4FE2-B827-F44A2044F61A}.AppStore|ARM.Build.0 = Release|ARM
		{038016D9-D1E5-4FE2-B827-F44A2044F61A}.AppStore|ARM.Deploy.0 = Release|ARM
		{038016D9-D1E5-4FE2-B827-F44A2044F61A}.AppStore|iPhone.ActiveCfg = Release|Any CPU
		{038016D9-D1E5-4FE2-B827-F44A2044F61A}.AppStore|iPhoneSimulator.ActiveCfg = Release|Any CPU
		{038016D9-D1E5-4FE2-B827-F44A2044F61A}.AppStore|Mixed Platforms.ActiveCfg = Release|x86
		{038016D9-D1E5-4FE2-B827-F44A2044F61A}.AppStore|Mixed Platforms.Build.0 = Release|x86
		{038016D9-D1E5-4FE2-B827-F44A2044F61A}.AppStore|Mixed Platforms.Deploy.0 = Release|x86
		{038016D9-D1E5-4FE2-B827-F44A2044F61A}.AppStore|x64.ActiveCfg = Release|Any CPU
		{038016D9-D1E5-4FE2-B827-F44A2044F61A}.AppStore|x86.ActiveCfg = Release|x86
		{038016D9-D1E5-4FE2-B827-F44A2044F61A}.AppStore|x86.Build.0 = Release|x86
		{038016D9-D1E5-4FE2-B827-F44A2044F61A}.AppStore|x86.Deploy.0 = Release|x86
		{038016D9-D1E5-4FE2-B827-F44A2044F61A}.Debug|Any CPU.ActiveCfg = Debug|Any CPU
		{038016D9-D1E5-4FE2-B827-F44A2044F61A}.Debug|Any CPU.Build.0 = Debug|Any CPU
		{038016D9-D1E5-4FE2-B827-F44A2044F61A}.Debug|Any CPU.Deploy.0 = Debug|Any CPU
		{038016D9-D1E5-4FE2-B827-F44A2044F61A}.Debug|ARM.ActiveCfg = Debug|ARM
		{038016D9-D1E5-4FE2-B827-F44A2044F61A}.Debug|ARM.Build.0 = Debug|ARM
		{038016D9-D1E5-4FE2-B827-F44A2044F61A}.Debug|ARM.Deploy.0 = Debug|ARM
		{038016D9-D1E5-4FE2-B827-F44A2044F61A}.Debug|iPhone.ActiveCfg = Debug|Any CPU
		{038016D9-D1E5-4FE2-B827-F44A2044F61A}.Debug|iPhoneSimulator.ActiveCfg = Debug|Any CPU
		{038016D9-D1E5-4FE2-B827-F44A2044F61A}.Debug|Mixed Platforms.ActiveCfg = Debug|x86
		{038016D9-D1E5-4FE2-B827-F44A2044F61A}.Debug|Mixed Platforms.Build.0 = Debug|x86
		{038016D9-D1E5-4FE2-B827-F44A2044F61A}.Debug|Mixed Platforms.Deploy.0 = Debug|x86
		{038016D9-D1E5-4FE2-B827-F44A2044F61A}.Debug|x64.ActiveCfg = Debug|Any CPU
		{038016D9-D1E5-4FE2-B827-F44A2044F61A}.Debug|x86.ActiveCfg = Debug|x86
		{038016D9-D1E5-4FE2-B827-F44A2044F61A}.Debug|x86.Build.0 = Debug|x86
		{038016D9-D1E5-4FE2-B827-F44A2044F61A}.Debug|x86.Deploy.0 = Debug|x86
		{038016D9-D1E5-4FE2-B827-F44A2044F61A}.Release|Any CPU.ActiveCfg = Release|Any CPU
		{038016D9-D1E5-4FE2-B827-F44A2044F61A}.Release|Any CPU.Build.0 = Release|Any CPU
		{038016D9-D1E5-4FE2-B827-F44A2044F61A}.Release|Any CPU.Deploy.0 = Release|Any CPU
		{038016D9-D1E5-4FE2-B827-F44A2044F61A}.Release|ARM.ActiveCfg = Release|ARM
		{038016D9-D1E5-4FE2-B827-F44A2044F61A}.Release|ARM.Build.0 = Release|ARM
		{038016D9-D1E5-4FE2-B827-F44A2044F61A}.Release|ARM.Deploy.0 = Release|ARM
		{038016D9-D1E5-4FE2-B827-F44A2044F61A}.Release|iPhone.ActiveCfg = Release|Any CPU
		{038016D9-D1E5-4FE2-B827-F44A2044F61A}.Release|iPhoneSimulator.ActiveCfg = Release|Any CPU
		{038016D9-D1E5-4FE2-B827-F44A2044F61A}.Release|Mixed Platforms.ActiveCfg = Release|x86
		{038016D9-D1E5-4FE2-B827-F44A2044F61A}.Release|Mixed Platforms.Build.0 = Release|x86
		{038016D9-D1E5-4FE2-B827-F44A2044F61A}.Release|Mixed Platforms.Deploy.0 = Release|x86
		{038016D9-D1E5-4FE2-B827-F44A2044F61A}.Release|x64.ActiveCfg = Release|Any CPU
		{038016D9-D1E5-4FE2-B827-F44A2044F61A}.Release|x86.ActiveCfg = Release|x86
		{038016D9-D1E5-4FE2-B827-F44A2044F61A}.Release|x86.Build.0 = Release|x86
		{038016D9-D1E5-4FE2-B827-F44A2044F61A}.Release|x86.Deploy.0 = Release|x86
		{685F9FC6-6138-4A0B-9EDC-0A1918589884}.Ad-Hoc|Any CPU.ActiveCfg = Release|Any CPU
		{685F9FC6-6138-4A0B-9EDC-0A1918589884}.Ad-Hoc|Any CPU.Build.0 = Release|Any CPU
		{685F9FC6-6138-4A0B-9EDC-0A1918589884}.Ad-Hoc|Any CPU.Deploy.0 = Release|Any CPU
		{685F9FC6-6138-4A0B-9EDC-0A1918589884}.Ad-Hoc|ARM.ActiveCfg = Release|ARM
		{685F9FC6-6138-4A0B-9EDC-0A1918589884}.Ad-Hoc|ARM.Build.0 = Release|ARM
		{685F9FC6-6138-4A0B-9EDC-0A1918589884}.Ad-Hoc|ARM.Deploy.0 = Release|ARM
		{685F9FC6-6138-4A0B-9EDC-0A1918589884}.Ad-Hoc|iPhone.ActiveCfg = Release|Any CPU
		{685F9FC6-6138-4A0B-9EDC-0A1918589884}.Ad-Hoc|iPhoneSimulator.ActiveCfg = Release|Any CPU
		{685F9FC6-6138-4A0B-9EDC-0A1918589884}.Ad-Hoc|Mixed Platforms.ActiveCfg = Release|x86
		{685F9FC6-6138-4A0B-9EDC-0A1918589884}.Ad-Hoc|Mixed Platforms.Build.0 = Release|x86
		{685F9FC6-6138-4A0B-9EDC-0A1918589884}.Ad-Hoc|Mixed Platforms.Deploy.0 = Release|x86
		{685F9FC6-6138-4A0B-9EDC-0A1918589884}.Ad-Hoc|x64.ActiveCfg = Release|Any CPU
		{685F9FC6-6138-4A0B-9EDC-0A1918589884}.Ad-Hoc|x86.ActiveCfg = Release|x86
		{685F9FC6-6138-4A0B-9EDC-0A1918589884}.Ad-Hoc|x86.Build.0 = Release|x86
		{685F9FC6-6138-4A0B-9EDC-0A1918589884}.Ad-Hoc|x86.Deploy.0 = Release|x86
		{685F9FC6-6138-4A0B-9EDC-0A1918589884}.AppStore|Any CPU.ActiveCfg = Release|Any CPU
		{685F9FC6-6138-4A0B-9EDC-0A1918589884}.AppStore|Any CPU.Build.0 = Release|Any CPU
		{685F9FC6-6138-4A0B-9EDC-0A1918589884}.AppStore|Any CPU.Deploy.0 = Release|Any CPU
		{685F9FC6-6138-4A0B-9EDC-0A1918589884}.AppStore|ARM.ActiveCfg = Release|ARM
		{685F9FC6-6138-4A0B-9EDC-0A1918589884}.AppStore|ARM.Build.0 = Release|ARM
		{685F9FC6-6138-4A0B-9EDC-0A1918589884}.AppStore|ARM.Deploy.0 = Release|ARM
		{685F9FC6-6138-4A0B-9EDC-0A1918589884}.AppStore|iPhone.ActiveCfg = Release|Any CPU
		{685F9FC6-6138-4A0B-9EDC-0A1918589884}.AppStore|iPhoneSimulator.ActiveCfg = Release|Any CPU
		{685F9FC6-6138-4A0B-9EDC-0A1918589884}.AppStore|Mixed Platforms.ActiveCfg = Release|x86
		{685F9FC6-6138-4A0B-9EDC-0A1918589884}.AppStore|Mixed Platforms.Build.0 = Release|x86
		{685F9FC6-6138-4A0B-9EDC-0A1918589884}.AppStore|Mixed Platforms.Deploy.0 = Release|x86
		{685F9FC6-6138-4A0B-9EDC-0A1918589884}.AppStore|x64.ActiveCfg = Release|Any CPU
		{685F9FC6-6138-4A0B-9EDC-0A1918589884}.AppStore|x86.ActiveCfg = Release|x86
		{685F9FC6-6138-4A0B-9EDC-0A1918589884}.AppStore|x86.Build.0 = Release|x86
		{685F9FC6-6138-4A0B-9EDC-0A1918589884}.AppStore|x86.Deploy.0 = Release|x86
		{685F9FC6-6138-4A0B-9EDC-0A1918589884}.Debug|Any CPU.ActiveCfg = Debug|Any CPU
		{685F9FC6-6138-4A0B-9EDC-0A1918589884}.Debug|Any CPU.Build.0 = Debug|Any CPU
		{685F9FC6-6138-4A0B-9EDC-0A1918589884}.Debug|Any CPU.Deploy.0 = Debug|Any CPU
		{685F9FC6-6138-4A0B-9EDC-0A1918589884}.Debug|ARM.ActiveCfg = Debug|ARM
		{685F9FC6-6138-4A0B-9EDC-0A1918589884}.Debug|ARM.Build.0 = Debug|ARM
		{685F9FC6-6138-4A0B-9EDC-0A1918589884}.Debug|ARM.Deploy.0 = Debug|ARM
		{685F9FC6-6138-4A0B-9EDC-0A1918589884}.Debug|iPhone.ActiveCfg = Debug|Any CPU
		{685F9FC6-6138-4A0B-9EDC-0A1918589884}.Debug|iPhoneSimulator.ActiveCfg = Debug|Any CPU
		{685F9FC6-6138-4A0B-9EDC-0A1918589884}.Debug|Mixed Platforms.ActiveCfg = Debug|x86
		{685F9FC6-6138-4A0B-9EDC-0A1918589884}.Debug|Mixed Platforms.Build.0 = Debug|x86
		{685F9FC6-6138-4A0B-9EDC-0A1918589884}.Debug|Mixed Platforms.Deploy.0 = Debug|x86
		{685F9FC6-6138-4A0B-9EDC-0A1918589884}.Debug|x64.ActiveCfg = Debug|Any CPU
		{685F9FC6-6138-4A0B-9EDC-0A1918589884}.Debug|x86.ActiveCfg = Debug|x86
		{685F9FC6-6138-4A0B-9EDC-0A1918589884}.Debug|x86.Build.0 = Debug|x86
		{685F9FC6-6138-4A0B-9EDC-0A1918589884}.Debug|x86.Deploy.0 = Debug|x86
		{685F9FC6-6138-4A0B-9EDC-0A1918589884}.Release|Any CPU.ActiveCfg = Release|Any CPU
		{685F9FC6-6138-4A0B-9EDC-0A1918589884}.Release|Any CPU.Build.0 = Release|Any CPU
		{685F9FC6-6138-4A0B-9EDC-0A1918589884}.Release|Any CPU.Deploy.0 = Release|Any CPU
		{685F9FC6-6138-4A0B-9EDC-0A1918589884}.Release|ARM.ActiveCfg = Release|ARM
		{685F9FC6-6138-4A0B-9EDC-0A1918589884}.Release|ARM.Build.0 = Release|ARM
		{685F9FC6-6138-4A0B-9EDC-0A1918589884}.Release|ARM.Deploy.0 = Release|ARM
		{685F9FC6-6138-4A0B-9EDC-0A1918589884}.Release|iPhone.ActiveCfg = Release|Any CPU
		{685F9FC6-6138-4A0B-9EDC-0A1918589884}.Release|iPhoneSimulator.ActiveCfg = Release|Any CPU
		{685F9FC6-6138-4A0B-9EDC-0A1918589884}.Release|Mixed Platforms.ActiveCfg = Release|x86
		{685F9FC6-6138-4A0B-9EDC-0A1918589884}.Release|Mixed Platforms.Build.0 = Release|x86
		{685F9FC6-6138-4A0B-9EDC-0A1918589884}.Release|Mixed Platforms.Deploy.0 = Release|x86
		{685F9FC6-6138-4A0B-9EDC-0A1918589884}.Release|x64.ActiveCfg = Release|Any CPU
		{685F9FC6-6138-4A0B-9EDC-0A1918589884}.Release|x86.ActiveCfg = Release|x86
		{685F9FC6-6138-4A0B-9EDC-0A1918589884}.Release|x86.Build.0 = Release|x86
		{685F9FC6-6138-4A0B-9EDC-0A1918589884}.Release|x86.Deploy.0 = Release|x86
		{00729E2B-B3B7-48B1-B51A-734FAE773B10}.Ad-Hoc|Any CPU.ActiveCfg = Release|Any CPU
		{00729E2B-B3B7-48B1-B51A-734FAE773B10}.Ad-Hoc|Any CPU.Build.0 = Release|Any CPU
		{00729E2B-B3B7-48B1-B51A-734FAE773B10}.Ad-Hoc|ARM.ActiveCfg = Release|Any CPU
		{00729E2B-B3B7-48B1-B51A-734FAE773B10}.Ad-Hoc|iPhone.ActiveCfg = Release|Any CPU
		{00729E2B-B3B7-48B1-B51A-734FAE773B10}.Ad-Hoc|iPhoneSimulator.ActiveCfg = Release|Any CPU
		{00729E2B-B3B7-48B1-B51A-734FAE773B10}.Ad-Hoc|Mixed Platforms.ActiveCfg = Release|Any CPU
		{00729E2B-B3B7-48B1-B51A-734FAE773B10}.Ad-Hoc|Mixed Platforms.Build.0 = Release|Any CPU
		{00729E2B-B3B7-48B1-B51A-734FAE773B10}.Ad-Hoc|x64.ActiveCfg = Release|Any CPU
		{00729E2B-B3B7-48B1-B51A-734FAE773B10}.Ad-Hoc|x86.ActiveCfg = Release|Any CPU
		{00729E2B-B3B7-48B1-B51A-734FAE773B10}.AppStore|Any CPU.ActiveCfg = Release|Any CPU
		{00729E2B-B3B7-48B1-B51A-734FAE773B10}.AppStore|Any CPU.Build.0 = Release|Any CPU
		{00729E2B-B3B7-48B1-B51A-734FAE773B10}.AppStore|ARM.ActiveCfg = Release|Any CPU
		{00729E2B-B3B7-48B1-B51A-734FAE773B10}.AppStore|iPhone.ActiveCfg = Release|Any CPU
		{00729E2B-B3B7-48B1-B51A-734FAE773B10}.AppStore|iPhoneSimulator.ActiveCfg = Release|Any CPU
		{00729E2B-B3B7-48B1-B51A-734FAE773B10}.AppStore|Mixed Platforms.ActiveCfg = Release|Any CPU
		{00729E2B-B3B7-48B1-B51A-734FAE773B10}.AppStore|Mixed Platforms.Build.0 = Release|Any CPU
		{00729E2B-B3B7-48B1-B51A-734FAE773B10}.AppStore|x64.ActiveCfg = Release|Any CPU
		{00729E2B-B3B7-48B1-B51A-734FAE773B10}.AppStore|x86.ActiveCfg = Release|Any CPU
		{00729E2B-B3B7-48B1-B51A-734FAE773B10}.Debug|Any CPU.ActiveCfg = Debug|Any CPU
		{00729E2B-B3B7-48B1-B51A-734FAE773B10}.Debug|Any CPU.Build.0 = Debug|Any CPU
		{00729E2B-B3B7-48B1-B51A-734FAE773B10}.Debug|ARM.ActiveCfg = Debug|Any CPU
		{00729E2B-B3B7-48B1-B51A-734FAE773B10}.Debug|iPhone.ActiveCfg = Debug|Any CPU
		{00729E2B-B3B7-48B1-B51A-734FAE773B10}.Debug|iPhoneSimulator.ActiveCfg = Debug|Any CPU
		{00729E2B-B3B7-48B1-B51A-734FAE773B10}.Debug|Mixed Platforms.ActiveCfg = Debug|Any CPU
		{00729E2B-B3B7-48B1-B51A-734FAE773B10}.Debug|Mixed Platforms.Build.0 = Debug|Any CPU
		{00729E2B-B3B7-48B1-B51A-734FAE773B10}.Debug|x64.ActiveCfg = Debug|Any CPU
		{00729E2B-B3B7-48B1-B51A-734FAE773B10}.Debug|x86.ActiveCfg = Debug|Any CPU
		{00729E2B-B3B7-48B1-B51A-734FAE773B10}.Release|Any CPU.ActiveCfg = Release|Any CPU
		{00729E2B-B3B7-48B1-B51A-734FAE773B10}.Release|Any CPU.Build.0 = Release|Any CPU
		{00729E2B-B3B7-48B1-B51A-734FAE773B10}.Release|ARM.ActiveCfg = Release|Any CPU
		{00729E2B-B3B7-48B1-B51A-734FAE773B10}.Release|iPhone.ActiveCfg = Release|Any CPU
		{00729E2B-B3B7-48B1-B51A-734FAE773B10}.Release|iPhoneSimulator.ActiveCfg = Release|Any CPU
		{00729E2B-B3B7-48B1-B51A-734FAE773B10}.Release|Mixed Platforms.ActiveCfg = Release|Any CPU
		{00729E2B-B3B7-48B1-B51A-734FAE773B10}.Release|Mixed Platforms.Build.0 = Release|Any CPU
		{00729E2B-B3B7-48B1-B51A-734FAE773B10}.Release|x64.ActiveCfg = Release|Any CPU
		{00729E2B-B3B7-48B1-B51A-734FAE773B10}.Release|x86.ActiveCfg = Release|Any CPU
		{E665FA17-CA5D-46E7-B17A-2D08D47E2BD3}.Ad-Hoc|Any CPU.ActiveCfg = Release|Any CPU
		{E665FA17-CA5D-46E7-B17A-2D08D47E2BD3}.Ad-Hoc|Any CPU.Build.0 = Release|Any CPU
		{E665FA17-CA5D-46E7-B17A-2D08D47E2BD3}.Ad-Hoc|ARM.ActiveCfg = Release|Any CPU
		{E665FA17-CA5D-46E7-B17A-2D08D47E2BD3}.Ad-Hoc|iPhone.ActiveCfg = Release|Any CPU
		{E665FA17-CA5D-46E7-B17A-2D08D47E2BD3}.Ad-Hoc|iPhoneSimulator.ActiveCfg = Release|Any CPU
		{E665FA17-CA5D-46E7-B17A-2D08D47E2BD3}.Ad-Hoc|Mixed Platforms.ActiveCfg = Release|Any CPU
		{E665FA17-CA5D-46E7-B17A-2D08D47E2BD3}.Ad-Hoc|Mixed Platforms.Build.0 = Release|Any CPU
		{E665FA17-CA5D-46E7-B17A-2D08D47E2BD3}.Ad-Hoc|x64.ActiveCfg = Release|Any CPU
		{E665FA17-CA5D-46E7-B17A-2D08D47E2BD3}.Ad-Hoc|x86.ActiveCfg = Release|Any CPU
		{E665FA17-CA5D-46E7-B17A-2D08D47E2BD3}.AppStore|Any CPU.ActiveCfg = Release|Any CPU
		{E665FA17-CA5D-46E7-B17A-2D08D47E2BD3}.AppStore|Any CPU.Build.0 = Release|Any CPU
		{E665FA17-CA5D-46E7-B17A-2D08D47E2BD3}.AppStore|ARM.ActiveCfg = Release|Any CPU
		{E665FA17-CA5D-46E7-B17A-2D08D47E2BD3}.AppStore|iPhone.ActiveCfg = Release|Any CPU
		{E665FA17-CA5D-46E7-B17A-2D08D47E2BD3}.AppStore|iPhoneSimulator.ActiveCfg = Release|Any CPU
		{E665FA17-CA5D-46E7-B17A-2D08D47E2BD3}.AppStore|Mixed Platforms.ActiveCfg = Release|Any CPU
		{E665FA17-CA5D-46E7-B17A-2D08D47E2BD3}.AppStore|Mixed Platforms.Build.0 = Release|Any CPU
		{E665FA17-CA5D-46E7-B17A-2D08D47E2BD3}.AppStore|x64.ActiveCfg = Release|Any CPU
		{E665FA17-CA5D-46E7-B17A-2D08D47E2BD3}.AppStore|x86.ActiveCfg = Release|Any CPU
		{E665FA17-CA5D-46E7-B17A-2D08D47E2BD3}.Debug|Any CPU.ActiveCfg = Debug|Any CPU
		{E665FA17-CA5D-46E7-B17A-2D08D47E2BD3}.Debug|Any CPU.Build.0 = Debug|Any CPU
		{E665FA17-CA5D-46E7-B17A-2D08D47E2BD3}.Debug|ARM.ActiveCfg = Debug|Any CPU
		{E665FA17-CA5D-46E7-B17A-2D08D47E2BD3}.Debug|iPhone.ActiveCfg = Debug|Any CPU
		{E665FA17-CA5D-46E7-B17A-2D08D47E2BD3}.Debug|iPhoneSimulator.ActiveCfg = Debug|Any CPU
		{E665FA17-CA5D-46E7-B17A-2D08D47E2BD3}.Debug|Mixed Platforms.ActiveCfg = Debug|Any CPU
		{E665FA17-CA5D-46E7-B17A-2D08D47E2BD3}.Debug|Mixed Platforms.Build.0 = Debug|Any CPU
		{E665FA17-CA5D-46E7-B17A-2D08D47E2BD3}.Debug|x64.ActiveCfg = Debug|Any CPU
		{E665FA17-CA5D-46E7-B17A-2D08D47E2BD3}.Debug|x86.ActiveCfg = Debug|Any CPU
		{E665FA17-CA5D-46E7-B17A-2D08D47E2BD3}.Release|Any CPU.ActiveCfg = Release|Any CPU
		{E665FA17-CA5D-46E7-B17A-2D08D47E2BD3}.Release|Any CPU.Build.0 = Release|Any CPU
		{E665FA17-CA5D-46E7-B17A-2D08D47E2BD3}.Release|ARM.ActiveCfg = Release|Any CPU
		{E665FA17-CA5D-46E7-B17A-2D08D47E2BD3}.Release|iPhone.ActiveCfg = Release|Any CPU
		{E665FA17-CA5D-46E7-B17A-2D08D47E2BD3}.Release|iPhoneSimulator.ActiveCfg = Release|Any CPU
		{E665FA17-CA5D-46E7-B17A-2D08D47E2BD3}.Release|Mixed Platforms.ActiveCfg = Release|Any CPU
		{E665FA17-CA5D-46E7-B17A-2D08D47E2BD3}.Release|Mixed Platforms.Build.0 = Release|Any CPU
		{E665FA17-CA5D-46E7-B17A-2D08D47E2BD3}.Release|x64.ActiveCfg = Release|Any CPU
		{E665FA17-CA5D-46E7-B17A-2D08D47E2BD3}.Release|x86.ActiveCfg = Release|Any CPU
		{589FF58A-36B3-4AB9-8B96-183B583087F0}.Ad-Hoc|Any CPU.ActiveCfg = Release|Any CPU
		{589FF58A-36B3-4AB9-8B96-183B583087F0}.Ad-Hoc|Any CPU.Build.0 = Release|Any CPU
		{589FF58A-36B3-4AB9-8B96-183B583087F0}.Ad-Hoc|ARM.ActiveCfg = Release|Any CPU
		{589FF58A-36B3-4AB9-8B96-183B583087F0}.Ad-Hoc|iPhone.ActiveCfg = Release|Any CPU
		{589FF58A-36B3-4AB9-8B96-183B583087F0}.Ad-Hoc|iPhoneSimulator.ActiveCfg = Release|Any CPU
		{589FF58A-36B3-4AB9-8B96-183B583087F0}.Ad-Hoc|Mixed Platforms.ActiveCfg = Release|Any CPU
		{589FF58A-36B3-4AB9-8B96-183B583087F0}.Ad-Hoc|Mixed Platforms.Build.0 = Release|Any CPU
		{589FF58A-36B3-4AB9-8B96-183B583087F0}.Ad-Hoc|x64.ActiveCfg = Release|Any CPU
		{589FF58A-36B3-4AB9-8B96-183B583087F0}.Ad-Hoc|x86.ActiveCfg = Release|Any CPU
		{589FF58A-36B3-4AB9-8B96-183B583087F0}.AppStore|Any CPU.ActiveCfg = Release|Any CPU
		{589FF58A-36B3-4AB9-8B96-183B583087F0}.AppStore|Any CPU.Build.0 = Release|Any CPU
		{589FF58A-36B3-4AB9-8B96-183B583087F0}.AppStore|ARM.ActiveCfg = Release|Any CPU
		{589FF58A-36B3-4AB9-8B96-183B583087F0}.AppStore|iPhone.ActiveCfg = Release|Any CPU
		{589FF58A-36B3-4AB9-8B96-183B583087F0}.AppStore|iPhoneSimulator.ActiveCfg = Release|Any CPU
		{589FF58A-36B3-4AB9-8B96-183B583087F0}.AppStore|Mixed Platforms.ActiveCfg = Release|Any CPU
		{589FF58A-36B3-4AB9-8B96-183B583087F0}.AppStore|Mixed Platforms.Build.0 = Release|Any CPU
		{589FF58A-36B3-4AB9-8B96-183B583087F0}.AppStore|x64.ActiveCfg = Release|Any CPU
		{589FF58A-36B3-4AB9-8B96-183B583087F0}.AppStore|x86.ActiveCfg = Release|Any CPU
		{589FF58A-36B3-4AB9-8B96-183B583087F0}.Debug|Any CPU.ActiveCfg = Debug|Any CPU
		{589FF58A-36B3-4AB9-8B96-183B583087F0}.Debug|Any CPU.Build.0 = Debug|Any CPU
		{589FF58A-36B3-4AB9-8B96-183B583087F0}.Debug|ARM.ActiveCfg = Debug|Any CPU
		{589FF58A-36B3-4AB9-8B96-183B583087F0}.Debug|iPhone.ActiveCfg = Debug|Any CPU
		{589FF58A-36B3-4AB9-8B96-183B583087F0}.Debug|iPhoneSimulator.ActiveCfg = Debug|Any CPU
		{589FF58A-36B3-4AB9-8B96-183B583087F0}.Debug|Mixed Platforms.ActiveCfg = Debug|Any CPU
		{589FF58A-36B3-4AB9-8B96-183B583087F0}.Debug|Mixed Platforms.Build.0 = Debug|Any CPU
		{589FF58A-36B3-4AB9-8B96-183B583087F0}.Debug|x64.ActiveCfg = Debug|Any CPU
		{589FF58A-36B3-4AB9-8B96-183B583087F0}.Debug|x86.ActiveCfg = Debug|Any CPU
		{589FF58A-36B3-4AB9-8B96-183B583087F0}.Release|Any CPU.ActiveCfg = Release|Any CPU
		{589FF58A-36B3-4AB9-8B96-183B583087F0}.Release|Any CPU.Build.0 = Release|Any CPU
		{589FF58A-36B3-4AB9-8B96-183B583087F0}.Release|ARM.ActiveCfg = Release|Any CPU
		{589FF58A-36B3-4AB9-8B96-183B583087F0}.Release|iPhone.ActiveCfg = Release|Any CPU
		{589FF58A-36B3-4AB9-8B96-183B583087F0}.Release|iPhoneSimulator.ActiveCfg = Release|Any CPU
		{589FF58A-36B3-4AB9-8B96-183B583087F0}.Release|Mixed Platforms.ActiveCfg = Release|Any CPU
		{589FF58A-36B3-4AB9-8B96-183B583087F0}.Release|Mixed Platforms.Build.0 = Release|Any CPU
		{589FF58A-36B3-4AB9-8B96-183B583087F0}.Release|x64.ActiveCfg = Release|Any CPU
		{589FF58A-36B3-4AB9-8B96-183B583087F0}.Release|x86.ActiveCfg = Release|Any CPU
		{458C553C-D2EF-4A88-86AA-9B8F1E44C888}.Ad-Hoc|Any CPU.ActiveCfg = Ad-Hoc|iPhone
		{458C553C-D2EF-4A88-86AA-9B8F1E44C888}.Ad-Hoc|ARM.ActiveCfg = Ad-Hoc|iPhone
		{458C553C-D2EF-4A88-86AA-9B8F1E44C888}.Ad-Hoc|iPhone.ActiveCfg = Ad-Hoc|iPhone
		{458C553C-D2EF-4A88-86AA-9B8F1E44C888}.Ad-Hoc|iPhone.Build.0 = Ad-Hoc|iPhone
		{458C553C-D2EF-4A88-86AA-9B8F1E44C888}.Ad-Hoc|iPhoneSimulator.ActiveCfg = Ad-Hoc|iPhoneSimulator
		{458C553C-D2EF-4A88-86AA-9B8F1E44C888}.Ad-Hoc|iPhoneSimulator.Build.0 = Ad-Hoc|iPhoneSimulator
		{458C553C-D2EF-4A88-86AA-9B8F1E44C888}.Ad-Hoc|Mixed Platforms.ActiveCfg = Ad-Hoc|iPhone
		{458C553C-D2EF-4A88-86AA-9B8F1E44C888}.Ad-Hoc|Mixed Platforms.Build.0 = Ad-Hoc|iPhone
		{458C553C-D2EF-4A88-86AA-9B8F1E44C888}.Ad-Hoc|x64.ActiveCfg = Ad-Hoc|iPhone
		{458C553C-D2EF-4A88-86AA-9B8F1E44C888}.Ad-Hoc|x86.ActiveCfg = Ad-Hoc|iPhone
		{458C553C-D2EF-4A88-86AA-9B8F1E44C888}.AppStore|Any CPU.ActiveCfg = AppStore|iPhone
		{458C553C-D2EF-4A88-86AA-9B8F1E44C888}.AppStore|ARM.ActiveCfg = AppStore|iPhone
		{458C553C-D2EF-4A88-86AA-9B8F1E44C888}.AppStore|iPhone.ActiveCfg = AppStore|iPhone
		{458C553C-D2EF-4A88-86AA-9B8F1E44C888}.AppStore|iPhone.Build.0 = AppStore|iPhone
		{458C553C-D2EF-4A88-86AA-9B8F1E44C888}.AppStore|iPhoneSimulator.ActiveCfg = AppStore|iPhoneSimulator
		{458C553C-D2EF-4A88-86AA-9B8F1E44C888}.AppStore|iPhoneSimulator.Build.0 = AppStore|iPhoneSimulator
		{458C553C-D2EF-4A88-86AA-9B8F1E44C888}.AppStore|Mixed Platforms.ActiveCfg = AppStore|iPhone
		{458C553C-D2EF-4A88-86AA-9B8F1E44C888}.AppStore|Mixed Platforms.Build.0 = AppStore|iPhone
		{458C553C-D2EF-4A88-86AA-9B8F1E44C888}.AppStore|x64.ActiveCfg = AppStore|iPhone
		{458C553C-D2EF-4A88-86AA-9B8F1E44C888}.AppStore|x86.ActiveCfg = AppStore|iPhone
		{458C553C-D2EF-4A88-86AA-9B8F1E44C888}.Debug|Any CPU.ActiveCfg = Debug|iPhone
		{458C553C-D2EF-4A88-86AA-9B8F1E44C888}.Debug|ARM.ActiveCfg = Debug|iPhone
		{458C553C-D2EF-4A88-86AA-9B8F1E44C888}.Debug|iPhone.ActiveCfg = Debug|iPhone
		{458C553C-D2EF-4A88-86AA-9B8F1E44C888}.Debug|iPhone.Build.0 = Debug|iPhone
		{458C553C-D2EF-4A88-86AA-9B8F1E44C888}.Debug|iPhoneSimulator.ActiveCfg = Debug|iPhoneSimulator
		{458C553C-D2EF-4A88-86AA-9B8F1E44C888}.Debug|iPhoneSimulator.Build.0 = Debug|iPhoneSimulator
		{458C553C-D2EF-4A88-86AA-9B8F1E44C888}.Debug|Mixed Platforms.ActiveCfg = Debug|iPhone
		{458C553C-D2EF-4A88-86AA-9B8F1E44C888}.Debug|Mixed Platforms.Build.0 = Debug|iPhone
		{458C553C-D2EF-4A88-86AA-9B8F1E44C888}.Debug|x64.ActiveCfg = Debug|iPhone
		{458C553C-D2EF-4A88-86AA-9B8F1E44C888}.Debug|x86.ActiveCfg = Debug|iPhone
		{458C553C-D2EF-4A88-86AA-9B8F1E44C888}.Release|Any CPU.ActiveCfg = Release|iPhone
		{458C553C-D2EF-4A88-86AA-9B8F1E44C888}.Release|ARM.ActiveCfg = Release|iPhone
		{458C553C-D2EF-4A88-86AA-9B8F1E44C888}.Release|iPhone.ActiveCfg = Release|iPhone
		{458C553C-D2EF-4A88-86AA-9B8F1E44C888}.Release|iPhone.Build.0 = Release|iPhone
		{458C553C-D2EF-4A88-86AA-9B8F1E44C888}.Release|iPhoneSimulator.ActiveCfg = Release|iPhoneSimulator
		{458C553C-D2EF-4A88-86AA-9B8F1E44C888}.Release|iPhoneSimulator.Build.0 = Release|iPhoneSimulator
		{458C553C-D2EF-4A88-86AA-9B8F1E44C888}.Release|Mixed Platforms.ActiveCfg = Release|iPhone
		{458C553C-D2EF-4A88-86AA-9B8F1E44C888}.Release|Mixed Platforms.Build.0 = Release|iPhone
		{458C553C-D2EF-4A88-86AA-9B8F1E44C888}.Release|x64.ActiveCfg = Release|iPhone
		{458C553C-D2EF-4A88-86AA-9B8F1E44C888}.Release|x86.ActiveCfg = Release|iPhone
		{D1A61DDC-7A2E-4BA9-8E93-26381107F17B}.Ad-Hoc|Any CPU.ActiveCfg = Release|Any CPU
		{D1A61DDC-7A2E-4BA9-8E93-26381107F17B}.Ad-Hoc|Any CPU.Build.0 = Release|Any CPU
		{D1A61DDC-7A2E-4BA9-8E93-26381107F17B}.Ad-Hoc|Any CPU.Deploy.0 = Release|Any CPU
		{D1A61DDC-7A2E-4BA9-8E93-26381107F17B}.Ad-Hoc|ARM.ActiveCfg = Release|Any CPU
		{D1A61DDC-7A2E-4BA9-8E93-26381107F17B}.Ad-Hoc|iPhone.ActiveCfg = Release|Any CPU
		{D1A61DDC-7A2E-4BA9-8E93-26381107F17B}.Ad-Hoc|iPhoneSimulator.ActiveCfg = Release|Any CPU
		{D1A61DDC-7A2E-4BA9-8E93-26381107F17B}.Ad-Hoc|Mixed Platforms.ActiveCfg = Release|Any CPU
		{D1A61DDC-7A2E-4BA9-8E93-26381107F17B}.Ad-Hoc|Mixed Platforms.Build.0 = Release|Any CPU
		{D1A61DDC-7A2E-4BA9-8E93-26381107F17B}.Ad-Hoc|Mixed Platforms.Deploy.0 = Release|Any CPU
		{D1A61DDC-7A2E-4BA9-8E93-26381107F17B}.Ad-Hoc|x64.ActiveCfg = Release|Any CPU
		{D1A61DDC-7A2E-4BA9-8E93-26381107F17B}.Ad-Hoc|x86.ActiveCfg = Release|Any CPU
		{D1A61DDC-7A2E-4BA9-8E93-26381107F17B}.AppStore|Any CPU.ActiveCfg = Release|Any CPU
		{D1A61DDC-7A2E-4BA9-8E93-26381107F17B}.AppStore|Any CPU.Build.0 = Release|Any CPU
		{D1A61DDC-7A2E-4BA9-8E93-26381107F17B}.AppStore|Any CPU.Deploy.0 = Release|Any CPU
		{D1A61DDC-7A2E-4BA9-8E93-26381107F17B}.AppStore|ARM.ActiveCfg = Release|Any CPU
		{D1A61DDC-7A2E-4BA9-8E93-26381107F17B}.AppStore|iPhone.ActiveCfg = Release|Any CPU
		{D1A61DDC-7A2E-4BA9-8E93-26381107F17B}.AppStore|iPhoneSimulator.ActiveCfg = Release|Any CPU
		{D1A61DDC-7A2E-4BA9-8E93-26381107F17B}.AppStore|Mixed Platforms.ActiveCfg = Release|Any CPU
		{D1A61DDC-7A2E-4BA9-8E93-26381107F17B}.AppStore|Mixed Platforms.Build.0 = Release|Any CPU
		{D1A61DDC-7A2E-4BA9-8E93-26381107F17B}.AppStore|Mixed Platforms.Deploy.0 = Release|Any CPU
		{D1A61DDC-7A2E-4BA9-8E93-26381107F17B}.AppStore|x64.ActiveCfg = Release|Any CPU
		{D1A61DDC-7A2E-4BA9-8E93-26381107F17B}.AppStore|x86.ActiveCfg = Release|Any CPU
		{D1A61DDC-7A2E-4BA9-8E93-26381107F17B}.Debug|Any CPU.ActiveCfg = Debug|Any CPU
		{D1A61DDC-7A2E-4BA9-8E93-26381107F17B}.Debug|Any CPU.Build.0 = Debug|Any CPU
		{D1A61DDC-7A2E-4BA9-8E93-26381107F17B}.Debug|Any CPU.Deploy.0 = Debug|Any CPU
		{D1A61DDC-7A2E-4BA9-8E93-26381107F17B}.Debug|ARM.ActiveCfg = Debug|Any CPU
		{D1A61DDC-7A2E-4BA9-8E93-26381107F17B}.Debug|iPhone.ActiveCfg = Debug|Any CPU
		{D1A61DDC-7A2E-4BA9-8E93-26381107F17B}.Debug|iPhoneSimulator.ActiveCfg = Debug|Any CPU
		{D1A61DDC-7A2E-4BA9-8E93-26381107F17B}.Debug|Mixed Platforms.ActiveCfg = Debug|Any CPU
		{D1A61DDC-7A2E-4BA9-8E93-26381107F17B}.Debug|Mixed Platforms.Build.0 = Debug|Any CPU
		{D1A61DDC-7A2E-4BA9-8E93-26381107F17B}.Debug|Mixed Platforms.Deploy.0 = Debug|Any CPU
		{D1A61DDC-7A2E-4BA9-8E93-26381107F17B}.Debug|x64.ActiveCfg = Debug|Any CPU
		{D1A61DDC-7A2E-4BA9-8E93-26381107F17B}.Debug|x86.ActiveCfg = Debug|Any CPU
		{D1A61DDC-7A2E-4BA9-8E93-26381107F17B}.Release|Any CPU.ActiveCfg = Release|Any CPU
		{D1A61DDC-7A2E-4BA9-8E93-26381107F17B}.Release|Any CPU.Build.0 = Release|Any CPU
		{D1A61DDC-7A2E-4BA9-8E93-26381107F17B}.Release|Any CPU.Deploy.0 = Release|Any CPU
		{D1A61DDC-7A2E-4BA9-8E93-26381107F17B}.Release|ARM.ActiveCfg = Release|Any CPU
		{D1A61DDC-7A2E-4BA9-8E93-26381107F17B}.Release|iPhone.ActiveCfg = Release|Any CPU
		{D1A61DDC-7A2E-4BA9-8E93-26381107F17B}.Release|iPhoneSimulator.ActiveCfg = Release|Any CPU
		{D1A61DDC-7A2E-4BA9-8E93-26381107F17B}.Release|Mixed Platforms.ActiveCfg = Release|Any CPU
		{D1A61DDC-7A2E-4BA9-8E93-26381107F17B}.Release|Mixed Platforms.Build.0 = Release|Any CPU
		{D1A61DDC-7A2E-4BA9-8E93-26381107F17B}.Release|Mixed Platforms.Deploy.0 = Release|Any CPU
		{D1A61DDC-7A2E-4BA9-8E93-26381107F17B}.Release|x64.ActiveCfg = Release|Any CPU
		{D1A61DDC-7A2E-4BA9-8E93-26381107F17B}.Release|x86.ActiveCfg = Release|Any CPU
		{44D6925A-6B92-4003-8DBE-40508B7F597D}.Ad-Hoc|Any CPU.ActiveCfg = Release|Any CPU
		{44D6925A-6B92-4003-8DBE-40508B7F597D}.Ad-Hoc|Any CPU.Build.0 = Release|Any CPU
		{44D6925A-6B92-4003-8DBE-40508B7F597D}.Ad-Hoc|Any CPU.Deploy.0 = Release|Any CPU
		{44D6925A-6B92-4003-8DBE-40508B7F597D}.Ad-Hoc|ARM.ActiveCfg = Release|ARM
		{44D6925A-6B92-4003-8DBE-40508B7F597D}.Ad-Hoc|ARM.Build.0 = Release|ARM
		{44D6925A-6B92-4003-8DBE-40508B7F597D}.Ad-Hoc|ARM.Deploy.0 = Release|ARM
		{44D6925A-6B92-4003-8DBE-40508B7F597D}.Ad-Hoc|iPhone.ActiveCfg = Release|Any CPU
		{44D6925A-6B92-4003-8DBE-40508B7F597D}.Ad-Hoc|iPhoneSimulator.ActiveCfg = Release|Any CPU
		{44D6925A-6B92-4003-8DBE-40508B7F597D}.Ad-Hoc|Mixed Platforms.ActiveCfg = Release|x86
		{44D6925A-6B92-4003-8DBE-40508B7F597D}.Ad-Hoc|Mixed Platforms.Build.0 = Release|x86
		{44D6925A-6B92-4003-8DBE-40508B7F597D}.Ad-Hoc|Mixed Platforms.Deploy.0 = Release|x86
		{44D6925A-6B92-4003-8DBE-40508B7F597D}.Ad-Hoc|x64.ActiveCfg = Release|Any CPU
		{44D6925A-6B92-4003-8DBE-40508B7F597D}.Ad-Hoc|x86.ActiveCfg = Release|x86
		{44D6925A-6B92-4003-8DBE-40508B7F597D}.Ad-Hoc|x86.Build.0 = Release|x86
		{44D6925A-6B92-4003-8DBE-40508B7F597D}.Ad-Hoc|x86.Deploy.0 = Release|x86
		{44D6925A-6B92-4003-8DBE-40508B7F597D}.AppStore|Any CPU.ActiveCfg = Release|Any CPU
		{44D6925A-6B92-4003-8DBE-40508B7F597D}.AppStore|Any CPU.Build.0 = Release|Any CPU
		{44D6925A-6B92-4003-8DBE-40508B7F597D}.AppStore|Any CPU.Deploy.0 = Release|Any CPU
		{44D6925A-6B92-4003-8DBE-40508B7F597D}.AppStore|ARM.ActiveCfg = Release|ARM
		{44D6925A-6B92-4003-8DBE-40508B7F597D}.AppStore|ARM.Build.0 = Release|ARM
		{44D6925A-6B92-4003-8DBE-40508B7F597D}.AppStore|ARM.Deploy.0 = Release|ARM
		{44D6925A-6B92-4003-8DBE-40508B7F597D}.AppStore|iPhone.ActiveCfg = Release|Any CPU
		{44D6925A-6B92-4003-8DBE-40508B7F597D}.AppStore|iPhoneSimulator.ActiveCfg = Release|Any CPU
		{44D6925A-6B92-4003-8DBE-40508B7F597D}.AppStore|Mixed Platforms.ActiveCfg = Release|x86
		{44D6925A-6B92-4003-8DBE-40508B7F597D}.AppStore|Mixed Platforms.Build.0 = Release|x86
		{44D6925A-6B92-4003-8DBE-40508B7F597D}.AppStore|Mixed Platforms.Deploy.0 = Release|x86
		{44D6925A-6B92-4003-8DBE-40508B7F597D}.AppStore|x64.ActiveCfg = Release|Any CPU
		{44D6925A-6B92-4003-8DBE-40508B7F597D}.AppStore|x86.ActiveCfg = Release|x86
		{44D6925A-6B92-4003-8DBE-40508B7F597D}.AppStore|x86.Build.0 = Release|x86
		{44D6925A-6B92-4003-8DBE-40508B7F597D}.AppStore|x86.Deploy.0 = Release|x86
		{44D6925A-6B92-4003-8DBE-40508B7F597D}.Debug|Any CPU.ActiveCfg = Debug|Any CPU
		{44D6925A-6B92-4003-8DBE-40508B7F597D}.Debug|Any CPU.Build.0 = Debug|Any CPU
		{44D6925A-6B92-4003-8DBE-40508B7F597D}.Debug|Any CPU.Deploy.0 = Debug|Any CPU
		{44D6925A-6B92-4003-8DBE-40508B7F597D}.Debug|ARM.ActiveCfg = Debug|ARM
		{44D6925A-6B92-4003-8DBE-40508B7F597D}.Debug|ARM.Build.0 = Debug|ARM
		{44D6925A-6B92-4003-8DBE-40508B7F597D}.Debug|ARM.Deploy.0 = Debug|ARM
		{44D6925A-6B92-4003-8DBE-40508B7F597D}.Debug|iPhone.ActiveCfg = Debug|Any CPU
		{44D6925A-6B92-4003-8DBE-40508B7F597D}.Debug|iPhoneSimulator.ActiveCfg = Debug|Any CPU
		{44D6925A-6B92-4003-8DBE-40508B7F597D}.Debug|Mixed Platforms.ActiveCfg = Debug|x86
		{44D6925A-6B92-4003-8DBE-40508B7F597D}.Debug|Mixed Platforms.Build.0 = Debug|x86
		{44D6925A-6B92-4003-8DBE-40508B7F597D}.Debug|Mixed Platforms.Deploy.0 = Debug|x86
		{44D6925A-6B92-4003-8DBE-40508B7F597D}.Debug|x64.ActiveCfg = Debug|Any CPU
		{44D6925A-6B92-4003-8DBE-40508B7F597D}.Debug|x86.ActiveCfg = Debug|x86
		{44D6925A-6B92-4003-8DBE-40508B7F597D}.Debug|x86.Build.0 = Debug|x86
		{44D6925A-6B92-4003-8DBE-40508B7F597D}.Debug|x86.Deploy.0 = Debug|x86
		{44D6925A-6B92-4003-8DBE-40508B7F597D}.Release|Any CPU.ActiveCfg = Release|Any CPU
		{44D6925A-6B92-4003-8DBE-40508B7F597D}.Release|Any CPU.Build.0 = Release|Any CPU
		{44D6925A-6B92-4003-8DBE-40508B7F597D}.Release|Any CPU.Deploy.0 = Release|Any CPU
		{44D6925A-6B92-4003-8DBE-40508B7F597D}.Release|ARM.ActiveCfg = Release|ARM
		{44D6925A-6B92-4003-8DBE-40508B7F597D}.Release|ARM.Build.0 = Release|ARM
		{44D6925A-6B92-4003-8DBE-40508B7F597D}.Release|ARM.Deploy.0 = Release|ARM
		{44D6925A-6B92-4003-8DBE-40508B7F597D}.Release|iPhone.ActiveCfg = Release|Any CPU
		{44D6925A-6B92-4003-8DBE-40508B7F597D}.Release|iPhoneSimulator.ActiveCfg = Release|Any CPU
		{44D6925A-6B92-4003-8DBE-40508B7F597D}.Release|Mixed Platforms.ActiveCfg = Release|x86
		{44D6925A-6B92-4003-8DBE-40508B7F597D}.Release|Mixed Platforms.Build.0 = Release|x86
		{44D6925A-6B92-4003-8DBE-40508B7F597D}.Release|Mixed Platforms.Deploy.0 = Release|x86
		{44D6925A-6B92-4003-8DBE-40508B7F597D}.Release|x64.ActiveCfg = Release|Any CPU
		{44D6925A-6B92-4003-8DBE-40508B7F597D}.Release|x86.ActiveCfg = Release|x86
		{44D6925A-6B92-4003-8DBE-40508B7F597D}.Release|x86.Build.0 = Release|x86
		{44D6925A-6B92-4003-8DBE-40508B7F597D}.Release|x86.Deploy.0 = Release|x86
		{E87B0B8C-D9C9-426A-95B0-9533EB50146A}.Ad-Hoc|Any CPU.ActiveCfg = Release|Any CPU
		{E87B0B8C-D9C9-426A-95B0-9533EB50146A}.Ad-Hoc|Any CPU.Build.0 = Release|Any CPU
		{E87B0B8C-D9C9-426A-95B0-9533EB50146A}.Ad-Hoc|Any CPU.Deploy.0 = Release|Any CPU
		{E87B0B8C-D9C9-426A-95B0-9533EB50146A}.Ad-Hoc|ARM.ActiveCfg = Release|ARM
		{E87B0B8C-D9C9-426A-95B0-9533EB50146A}.Ad-Hoc|ARM.Build.0 = Release|ARM
		{E87B0B8C-D9C9-426A-95B0-9533EB50146A}.Ad-Hoc|ARM.Deploy.0 = Release|ARM
		{E87B0B8C-D9C9-426A-95B0-9533EB50146A}.Ad-Hoc|iPhone.ActiveCfg = Release|Any CPU
		{E87B0B8C-D9C9-426A-95B0-9533EB50146A}.Ad-Hoc|iPhoneSimulator.ActiveCfg = Release|Any CPU
		{E87B0B8C-D9C9-426A-95B0-9533EB50146A}.Ad-Hoc|Mixed Platforms.ActiveCfg = Release|x86
		{E87B0B8C-D9C9-426A-95B0-9533EB50146A}.Ad-Hoc|Mixed Platforms.Build.0 = Release|x86
		{E87B0B8C-D9C9-426A-95B0-9533EB50146A}.Ad-Hoc|Mixed Platforms.Deploy.0 = Release|x86
		{E87B0B8C-D9C9-426A-95B0-9533EB50146A}.Ad-Hoc|x64.ActiveCfg = Release|x64
		{E87B0B8C-D9C9-426A-95B0-9533EB50146A}.Ad-Hoc|x64.Build.0 = Release|x64
		{E87B0B8C-D9C9-426A-95B0-9533EB50146A}.Ad-Hoc|x64.Deploy.0 = Release|x64
		{E87B0B8C-D9C9-426A-95B0-9533EB50146A}.Ad-Hoc|x86.ActiveCfg = Release|x86
		{E87B0B8C-D9C9-426A-95B0-9533EB50146A}.Ad-Hoc|x86.Build.0 = Release|x86
		{E87B0B8C-D9C9-426A-95B0-9533EB50146A}.Ad-Hoc|x86.Deploy.0 = Release|x86
		{E87B0B8C-D9C9-426A-95B0-9533EB50146A}.AppStore|Any CPU.ActiveCfg = Release|Any CPU
		{E87B0B8C-D9C9-426A-95B0-9533EB50146A}.AppStore|Any CPU.Build.0 = Release|Any CPU
		{E87B0B8C-D9C9-426A-95B0-9533EB50146A}.AppStore|Any CPU.Deploy.0 = Release|Any CPU
		{E87B0B8C-D9C9-426A-95B0-9533EB50146A}.AppStore|ARM.ActiveCfg = Release|ARM
		{E87B0B8C-D9C9-426A-95B0-9533EB50146A}.AppStore|ARM.Build.0 = Release|ARM
		{E87B0B8C-D9C9-426A-95B0-9533EB50146A}.AppStore|ARM.Deploy.0 = Release|ARM
		{E87B0B8C-D9C9-426A-95B0-9533EB50146A}.AppStore|iPhone.ActiveCfg = Release|Any CPU
		{E87B0B8C-D9C9-426A-95B0-9533EB50146A}.AppStore|iPhoneSimulator.ActiveCfg = Release|Any CPU
		{E87B0B8C-D9C9-426A-95B0-9533EB50146A}.AppStore|Mixed Platforms.ActiveCfg = Release|x86
		{E87B0B8C-D9C9-426A-95B0-9533EB50146A}.AppStore|Mixed Platforms.Build.0 = Release|x86
		{E87B0B8C-D9C9-426A-95B0-9533EB50146A}.AppStore|Mixed Platforms.Deploy.0 = Release|x86
		{E87B0B8C-D9C9-426A-95B0-9533EB50146A}.AppStore|x64.ActiveCfg = Release|x64
		{E87B0B8C-D9C9-426A-95B0-9533EB50146A}.AppStore|x64.Build.0 = Release|x64
		{E87B0B8C-D9C9-426A-95B0-9533EB50146A}.AppStore|x64.Deploy.0 = Release|x64
		{E87B0B8C-D9C9-426A-95B0-9533EB50146A}.AppStore|x86.ActiveCfg = Release|x86
		{E87B0B8C-D9C9-426A-95B0-9533EB50146A}.AppStore|x86.Build.0 = Release|x86
		{E87B0B8C-D9C9-426A-95B0-9533EB50146A}.AppStore|x86.Deploy.0 = Release|x86
		{E87B0B8C-D9C9-426A-95B0-9533EB50146A}.Debug|Any CPU.ActiveCfg = Debug|Any CPU
		{E87B0B8C-D9C9-426A-95B0-9533EB50146A}.Debug|Any CPU.Build.0 = Debug|Any CPU
		{E87B0B8C-D9C9-426A-95B0-9533EB50146A}.Debug|Any CPU.Deploy.0 = Debug|Any CPU
		{E87B0B8C-D9C9-426A-95B0-9533EB50146A}.Debug|ARM.ActiveCfg = Debug|ARM
		{E87B0B8C-D9C9-426A-95B0-9533EB50146A}.Debug|ARM.Build.0 = Debug|ARM
		{E87B0B8C-D9C9-426A-95B0-9533EB50146A}.Debug|ARM.Deploy.0 = Debug|ARM
		{E87B0B8C-D9C9-426A-95B0-9533EB50146A}.Debug|iPhone.ActiveCfg = Debug|Any CPU
		{E87B0B8C-D9C9-426A-95B0-9533EB50146A}.Debug|iPhoneSimulator.ActiveCfg = Debug|Any CPU
		{E87B0B8C-D9C9-426A-95B0-9533EB50146A}.Debug|Mixed Platforms.ActiveCfg = Debug|x86
		{E87B0B8C-D9C9-426A-95B0-9533EB50146A}.Debug|Mixed Platforms.Build.0 = Debug|x86
		{E87B0B8C-D9C9-426A-95B0-9533EB50146A}.Debug|Mixed Platforms.Deploy.0 = Debug|x86
		{E87B0B8C-D9C9-426A-95B0-9533EB50146A}.Debug|x64.ActiveCfg = Debug|x64
		{E87B0B8C-D9C9-426A-95B0-9533EB50146A}.Debug|x64.Build.0 = Debug|x64
		{E87B0B8C-D9C9-426A-95B0-9533EB50146A}.Debug|x64.Deploy.0 = Debug|x64
		{E87B0B8C-D9C9-426A-95B0-9533EB50146A}.Debug|x86.ActiveCfg = Debug|x86
		{E87B0B8C-D9C9-426A-95B0-9533EB50146A}.Debug|x86.Build.0 = Debug|x86
		{E87B0B8C-D9C9-426A-95B0-9533EB50146A}.Debug|x86.Deploy.0 = Debug|x86
		{E87B0B8C-D9C9-426A-95B0-9533EB50146A}.Release|Any CPU.ActiveCfg = Release|Any CPU
		{E87B0B8C-D9C9-426A-95B0-9533EB50146A}.Release|Any CPU.Build.0 = Release|Any CPU
		{E87B0B8C-D9C9-426A-95B0-9533EB50146A}.Release|Any CPU.Deploy.0 = Release|Any CPU
		{E87B0B8C-D9C9-426A-95B0-9533EB50146A}.Release|ARM.ActiveCfg = Release|ARM
		{E87B0B8C-D9C9-426A-95B0-9533EB50146A}.Release|ARM.Build.0 = Release|ARM
		{E87B0B8C-D9C9-426A-95B0-9533EB50146A}.Release|ARM.Deploy.0 = Release|ARM
		{E87B0B8C-D9C9-426A-95B0-9533EB50146A}.Release|iPhone.ActiveCfg = Release|Any CPU
		{E87B0B8C-D9C9-426A-95B0-9533EB50146A}.Release|iPhoneSimulator.ActiveCfg = Release|Any CPU
		{E87B0B8C-D9C9-426A-95B0-9533EB50146A}.Release|Mixed Platforms.ActiveCfg = Release|x86
		{E87B0B8C-D9C9-426A-95B0-9533EB50146A}.Release|Mixed Platforms.Build.0 = Release|x86
		{E87B0B8C-D9C9-426A-95B0-9533EB50146A}.Release|Mixed Platforms.Deploy.0 = Release|x86
		{E87B0B8C-D9C9-426A-95B0-9533EB50146A}.Release|x64.ActiveCfg = Release|x64
		{E87B0B8C-D9C9-426A-95B0-9533EB50146A}.Release|x64.Build.0 = Release|x64
		{E87B0B8C-D9C9-426A-95B0-9533EB50146A}.Release|x64.Deploy.0 = Release|x64
		{E87B0B8C-D9C9-426A-95B0-9533EB50146A}.Release|x86.ActiveCfg = Release|x86
		{E87B0B8C-D9C9-426A-95B0-9533EB50146A}.Release|x86.Build.0 = Release|x86
		{E87B0B8C-D9C9-426A-95B0-9533EB50146A}.Release|x86.Deploy.0 = Release|x86
		{9AD49673-A8F9-4F0A-8C7D-655A03A2F002}.Ad-Hoc|Any CPU.ActiveCfg = Release|Any CPU
		{9AD49673-A8F9-4F0A-8C7D-655A03A2F002}.Ad-Hoc|Any CPU.Build.0 = Release|Any CPU
		{9AD49673-A8F9-4F0A-8C7D-655A03A2F002}.Ad-Hoc|ARM.ActiveCfg = Release|Any CPU
		{9AD49673-A8F9-4F0A-8C7D-655A03A2F002}.Ad-Hoc|iPhone.ActiveCfg = Release|Any CPU
		{9AD49673-A8F9-4F0A-8C7D-655A03A2F002}.Ad-Hoc|iPhoneSimulator.ActiveCfg = Release|Any CPU
		{9AD49673-A8F9-4F0A-8C7D-655A03A2F002}.Ad-Hoc|Mixed Platforms.ActiveCfg = Release|Any CPU
		{9AD49673-A8F9-4F0A-8C7D-655A03A2F002}.Ad-Hoc|Mixed Platforms.Build.0 = Release|Any CPU
		{9AD49673-A8F9-4F0A-8C7D-655A03A2F002}.Ad-Hoc|x64.ActiveCfg = Release|Any CPU
		{9AD49673-A8F9-4F0A-8C7D-655A03A2F002}.Ad-Hoc|x86.ActiveCfg = Release|Any CPU
		{9AD49673-A8F9-4F0A-8C7D-655A03A2F002}.AppStore|Any CPU.ActiveCfg = Release|Any CPU
		{9AD49673-A8F9-4F0A-8C7D-655A03A2F002}.AppStore|Any CPU.Build.0 = Release|Any CPU
		{9AD49673-A8F9-4F0A-8C7D-655A03A2F002}.AppStore|ARM.ActiveCfg = Release|Any CPU
		{9AD49673-A8F9-4F0A-8C7D-655A03A2F002}.AppStore|iPhone.ActiveCfg = Release|Any CPU
		{9AD49673-A8F9-4F0A-8C7D-655A03A2F002}.AppStore|iPhoneSimulator.ActiveCfg = Release|Any CPU
		{9AD49673-A8F9-4F0A-8C7D-655A03A2F002}.AppStore|Mixed Platforms.ActiveCfg = Release|Any CPU
		{9AD49673-A8F9-4F0A-8C7D-655A03A2F002}.AppStore|Mixed Platforms.Build.0 = Release|Any CPU
		{9AD49673-A8F9-4F0A-8C7D-655A03A2F002}.AppStore|x64.ActiveCfg = Release|Any CPU
		{9AD49673-A8F9-4F0A-8C7D-655A03A2F002}.AppStore|x86.ActiveCfg = Release|Any CPU
		{9AD49673-A8F9-4F0A-8C7D-655A03A2F002}.Debug|Any CPU.ActiveCfg = Debug|Any CPU
		{9AD49673-A8F9-4F0A-8C7D-655A03A2F002}.Debug|Any CPU.Build.0 = Debug|Any CPU
		{9AD49673-A8F9-4F0A-8C7D-655A03A2F002}.Debug|ARM.ActiveCfg = Debug|Any CPU
		{9AD49673-A8F9-4F0A-8C7D-655A03A2F002}.Debug|iPhone.ActiveCfg = Debug|Any CPU
		{9AD49673-A8F9-4F0A-8C7D-655A03A2F002}.Debug|iPhoneSimulator.ActiveCfg = Debug|Any CPU
		{9AD49673-A8F9-4F0A-8C7D-655A03A2F002}.Debug|Mixed Platforms.ActiveCfg = Debug|Any CPU
		{9AD49673-A8F9-4F0A-8C7D-655A03A2F002}.Debug|Mixed Platforms.Build.0 = Debug|Any CPU
		{9AD49673-A8F9-4F0A-8C7D-655A03A2F002}.Debug|x64.ActiveCfg = Debug|Any CPU
		{9AD49673-A8F9-4F0A-8C7D-655A03A2F002}.Debug|x86.ActiveCfg = Debug|Any CPU
		{9AD49673-A8F9-4F0A-8C7D-655A03A2F002}.Release|Any CPU.ActiveCfg = Release|Any CPU
		{9AD49673-A8F9-4F0A-8C7D-655A03A2F002}.Release|Any CPU.Build.0 = Release|Any CPU
		{9AD49673-A8F9-4F0A-8C7D-655A03A2F002}.Release|ARM.ActiveCfg = Release|Any CPU
		{9AD49673-A8F9-4F0A-8C7D-655A03A2F002}.Release|iPhone.ActiveCfg = Release|Any CPU
		{9AD49673-A8F9-4F0A-8C7D-655A03A2F002}.Release|iPhoneSimulator.ActiveCfg = Release|Any CPU
		{9AD49673-A8F9-4F0A-8C7D-655A03A2F002}.Release|Mixed Platforms.ActiveCfg = Release|Any CPU
		{9AD49673-A8F9-4F0A-8C7D-655A03A2F002}.Release|Mixed Platforms.Build.0 = Release|Any CPU
		{9AD49673-A8F9-4F0A-8C7D-655A03A2F002}.Release|x64.ActiveCfg = Release|Any CPU
		{9AD49673-A8F9-4F0A-8C7D-655A03A2F002}.Release|x86.ActiveCfg = Release|Any CPU
	EndGlobalSection
	GlobalSection(SolutionProperties) = preSolution
		HideSolutionNode = FALSE
	EndGlobalSection
	GlobalSection(NestedProjects) = preSolution
		{1B97B8A2-5530-4410-956A-47A40DBA158E} = {D63BB643-B6CB-488C-8F54-AB5AA649B434}
		{038016D9-D1E5-4FE2-B827-F44A2044F61A} = {D63BB643-B6CB-488C-8F54-AB5AA649B434}
		{685F9FC6-6138-4A0B-9EDC-0A1918589884} = {D63BB643-B6CB-488C-8F54-AB5AA649B434}
		{00729E2B-B3B7-48B1-B51A-734FAE773B10} = {68DB2784-0556-4A13-AE8D-17017AA1FF9F}
		{E665FA17-CA5D-46E7-B17A-2D08D47E2BD3} = {17E8BE34-1C26-40A9-A45D-23CB60C89022}
		{589FF58A-36B3-4AB9-8B96-183B583087F0} = {35118C89-AE96-4EE5-A1C7-C6CFA4B3554B}
		{458C553C-D2EF-4A88-86AA-9B8F1E44C888} = {35118C89-AE96-4EE5-A1C7-C6CFA4B3554B}
		{D1A61DDC-7A2E-4BA9-8E93-26381107F17B} = {35118C89-AE96-4EE5-A1C7-C6CFA4B3554B}
		{44D6925A-6B92-4003-8DBE-40508B7F597D} = {35118C89-AE96-4EE5-A1C7-C6CFA4B3554B}
		{E87B0B8C-D9C9-426A-95B0-9533EB50146A} = {D63BB643-B6CB-488C-8F54-AB5AA649B434}
		{9AD49673-A8F9-4F0A-8C7D-655A03A2F002} = {68DB2784-0556-4A13-AE8D-17017AA1FF9F}
	EndGlobalSection
	GlobalSection(MonoDevelopProperties) = preSolution
		StartupItem = RestfulApplication.Clients.CrossPlatforms\RestfulApplication.Clients.CrossPlatforms.Droid\RestfulApplication.Clients.CrossPlatforms.Droid.csproj
	EndGlobalSection
EndGlobal
